{
  "name": "salesforcefunctions",
  "version": "1.0.0",
  "lockfileVersion": 1,
  "requires": true,
  "dependencies": {
    "node-salesforce-connection": {
      "version": "2.3.1",
      "resolved": "https://registry.npmjs.org/node-salesforce-connection/-/node-salesforce-connection-2.3.1.tgz",
      "integrity": "sha512-UI55cD2HAU3mavmcnFBF1vy95C6RdN0cg6AZcuZUpBs6RyiVz4BRws5YkWzm9IjvaNoaTacWMLxPs6r2A2N3Hg=="
    }
  }
}
